
Microsoft Visual Studio Solution File, Format Version 12.00
# Visual Studio Version 17
VisualStudioVersion = 17.14.36203.30 d17.14
MinimumVisualStudioVersion = 10.0.40219.1
Project("{FAE04EC0-301F-11D3-BF4B-00C04F79EFBC}") = "TempHumSensorConrol", "TempHumSensorConrol\TempHumSensorConrol.csproj", "{C5EF4718-92B4-438D-87B9-2174829B2573}"
EndProject
Global
	GlobalSection(SolutionConfigurationPlatforms) = preSolution
		Debug|Any CPU = Debug|Any CPU
		Release|Any CPU = Release|Any CPU
	EndGlobalSection
	GlobalSection(ProjectConfigurationPlatforms) = postSolution
		{C5EF4718-92B4-438D-87B9-2174829B2573}.Debug|Any CPU.ActiveCfg = Debug|Any CPU
		{C5EF4718-92B4-438D-87B9-2174829B2573}.Debug|Any CPU.Build.0 = Debug|Any CPU
		{C5EF4718-92B4-438D-87B9-2174829B2573}.Release|Any CPU.ActiveCfg = Release|Any CPU
		{C5EF4718-92B4-438D-87B9-2174829B2573}.Release|Any CPU.Build.0 = Release|Any CPU
	EndGlobalSection
	GlobalSection(SolutionProperties) = preSolution
		HideSolutionNode = FALSE
	EndGlobalSection
	GlobalSection(ExtensibilityGlobals) = postSolution
		SolutionGuid = {059F2527-0A2D-45E8-B4C4-8D81DE6361D8}
	EndGlobalSection
EndGlobal
